
Microsoft Visual Studio Solution File, Format Version 12.00
# Visual Studio Version 17
VisualStudioVersion = 17.12.35527.113 d17.12
MinimumVisualStudioVersion = 10.0.40219.1
Project("{FAE04EC0-301F-11D3-BF4B-00C04F79EFBC}") = "Api", "Api\Api.csproj", "{1BEC4AB5-D21D-49CE-A915-80E7B106560A}"
EndProject
Project("{FAE04EC0-301F-11D3-BF4B-00C04F79EFBC}") = "Domain", "Domain\Domain.csproj", "{A4FB3FE2-272D-4B2E-84D9-381F0D5F5380}"
EndProject
Project("{FAE04EC0-301F-11D3-BF4B-00C04F79EFBC}") = "Application", "Application\Application.csproj", "{4BD8EF67-9FB3-4FCB-9492-7CB6013D064F}"
EndProject
Project("{FAE04EC0-301F-11D3-BF4B-00C04F79EFBC}") = "Infrastructure", "Infrastructure\Infrastructure.csproj", "{60BADD4D-E68D-48B2-A98F-4EB60D097412}"
EndProject
Project("{FAE04EC0-301F-11D3-BF4B-00C04F79EFBC}") = "Test.Data", "Test.Data\Test.Data.csproj", "{D45BBA3E-E333-4C2E-9F67-AD1FB53D4389}"
EndProject
Project("{FAE04EC0-301F-11D3-BF4B-00C04F79EFBC}") = "Tests.Common", "Tests.Common\Tests.Common.csproj", "{ED3130CD-C674-4943-BCB7-35857B70F16D}"
EndProject
Project("{2150E333-8FDC-42A3-9474-1A3956D46DE8}") = "tests", "tests", "{52828C11-49FA-4549-978D-6DBE1C15E9D4}"
EndProject
Project("{FAE04EC0-301F-11D3-BF4B-00C04F79EFBC}") = "Api.Tests.Unit", "Api.Tests.Unit\Api.Tests.Unit.csproj", "{2E82BFBF-3DDA-4B97-AE1B-68224202EC97}"
EndProject
Project("{FAE04EC0-301F-11D3-BF4B-00C04F79EFBC}") = "Api.Tests.Integrations", "Api.Tests.Integrations\Api.Tests.Integrations.csproj", "{096D43AB-F10D-4774-99DB-6C19266867FA}"
EndProject
Global
	GlobalSection(SolutionConfigurationPlatforms) = preSolution
		Debug|Any CPU = Debug|Any CPU
		Release|Any CPU = Release|Any CPU
	EndGlobalSection
	GlobalSection(ProjectConfigurationPlatforms) = postSolution
		{1BEC4AB5-D21D-49CE-A915-80E7B106560A}.Debug|Any CPU.ActiveCfg = Debug|Any CPU
		{1BEC4AB5-D21D-49CE-A915-80E7B106560A}.Debug|Any CPU.Build.0 = Debug|Any CPU
		{1BEC4AB5-D21D-49CE-A915-80E7B106560A}.Release|Any CPU.ActiveCfg = Release|Any CPU
		{1BEC4AB5-D21D-49CE-A915-80E7B106560A}.Release|Any CPU.Build.0 = Release|Any CPU
		{A4FB3FE2-272D-4B2E-84D9-381F0D5F5380}.Debug|Any CPU.ActiveCfg = Debug|Any CPU
		{A4FB3FE2-272D-4B2E-84D9-381F0D5F5380}.Debug|Any CPU.Build.0 = Debug|Any CPU
		{A4FB3FE2-272D-4B2E-84D9-381F0D5F5380}.Release|Any CPU.ActiveCfg = Release|Any CPU
		{A4FB3FE2-272D-4B2E-84D9-381F0D5F5380}.Release|Any CPU.Build.0 = Release|Any CPU
		{4BD8EF67-9FB3-4FCB-9492-7CB6013D064F}.Debug|Any CPU.ActiveCfg = Debug|Any CPU
		{4BD8EF67-9FB3-4FCB-9492-7CB6013D064F}.Debug|Any CPU.Build.0 = Debug|Any CPU
		{4BD8EF67-9FB3-4FCB-9492-7CB6013D064F}.Release|Any CPU.ActiveCfg = Release|Any CPU
		{4BD8EF67-9FB3-4FCB-9492-7CB6013D064F}.Release|Any CPU.Build.0 = Release|Any CPU
		{60BADD4D-E68D-48B2-A98F-4EB60D097412}.Debug|Any CPU.ActiveCfg = Debug|Any CPU
		{60BADD4D-E68D-48B2-A98F-4EB60D097412}.Debug|Any CPU.Build.0 = Debug|Any CPU
		{60BADD4D-E68D-48B2-A98F-4EB60D097412}.Release|Any CPU.ActiveCfg = Release|Any CPU
		{60BADD4D-E68D-48B2-A98F-4EB60D097412}.Release|Any CPU.Build.0 = Release|Any CPU
		{D45BBA3E-E333-4C2E-9F67-AD1FB53D4389}.Debug|Any CPU.ActiveCfg = Debug|Any CPU
		{D45BBA3E-E333-4C2E-9F67-AD1FB53D4389}.Debug|Any CPU.Build.0 = Debug|Any CPU
		{D45BBA3E-E333-4C2E-9F67-AD1FB53D4389}.Release|Any CPU.ActiveCfg = Release|Any CPU
		{D45BBA3E-E333-4C2E-9F67-AD1FB53D4389}.Release|Any CPU.Build.0 = Release|Any CPU
		{ED3130CD-C674-4943-BCB7-35857B70F16D}.Debug|Any CPU.ActiveCfg = Debug|Any CPU
		{ED3130CD-C674-4943-BCB7-35857B70F16D}.Debug|Any CPU.Build.0 = Debug|Any CPU
		{ED3130CD-C674-4943-BCB7-35857B70F16D}.Release|Any CPU.ActiveCfg = Release|Any CPU
		{ED3130CD-C674-4943-BCB7-35857B70F16D}.Release|Any CPU.Build.0 = Release|Any CPU
		{2E82BFBF-3DDA-4B97-AE1B-68224202EC97}.Debug|Any CPU.ActiveCfg = Debug|Any CPU
		{2E82BFBF-3DDA-4B97-AE1B-68224202EC97}.Debug|Any CPU.Build.0 = Debug|Any CPU
		{2E82BFBF-3DDA-4B97-AE1B-68224202EC97}.Release|Any CPU.ActiveCfg = Release|Any CPU
		{2E82BFBF-3DDA-4B97-AE1B-68224202EC97}.Release|Any CPU.Build.0 = Release|Any CPU
		{096D43AB-F10D-4774-99DB-6C19266867FA}.Debug|Any CPU.ActiveCfg = Debug|Any CPU
		{096D43AB-F10D-4774-99DB-6C19266867FA}.Debug|Any CPU.Build.0 = Debug|Any CPU
		{096D43AB-F10D-4774-99DB-6C19266867FA}.Release|Any CPU.ActiveCfg = Release|Any CPU
		{096D43AB-F10D-4774-99DB-6C19266867FA}.Release|Any CPU.Build.0 = Release|Any CPU
	EndGlobalSection
	GlobalSection(SolutionProperties) = preSolution
		HideSolutionNode = FALSE
	EndGlobalSection
	GlobalSection(NestedProjects) = preSolution
		{2E82BFBF-3DDA-4B97-AE1B-68224202EC97} = {52828C11-49FA-4549-978D-6DBE1C15E9D4}
		{096D43AB-F10D-4774-99DB-6C19266867FA} = {52828C11-49FA-4549-978D-6DBE1C15E9D4}
	EndGlobalSection
EndGlobal
